
Microsoft Visual Studio Solution File, Format Version 12.00
# Visual Studio Version 17
VisualStudioVersion = 17.9.34728.123
MinimumVisualStudioVersion = 10.0.40219.1
Project("{F184B08F-C81C-45F6-A57F-5ABD9991F28F}") = "NCC FINAL ASSIGNMENT TALHA", "NCC 2\NCC FINAL ASSIGNMENT TALHA.vbproj", "{33424F19-7365-47D7-A67E-18184488FE6A}"
EndProject
Global
	GlobalSection(SolutionConfigurationPlatforms) = preSolution
		Debug|Any CPU = Debug|Any CPU
		Release|Any CPU = Release|Any CPU
	EndGlobalSection
	GlobalSection(ProjectConfigurationPlatforms) = postSolution
		{33424F19-7365-47D7-A67E-18184488FE6A}.Debug|Any CPU.ActiveCfg = Debug|Any CPU
		{33424F19-7365-47D7-A67E-18184488FE6A}.Debug|Any CPU.Build.0 = Debug|Any CPU
		{33424F19-7365-47D7-A67E-18184488FE6A}.Release|Any CPU.ActiveCfg = Release|Any CPU
		{33424F19-7365-47D7-A67E-18184488FE6A}.Release|Any CPU.Build.0 = Release|Any CPU
	EndGlobalSection
	GlobalSection(SolutionProperties) = preSolution
		HideSolutionNode = FALSE
	EndGlobalSection
	GlobalSection(ExtensibilityGlobals) = postSolution
		SolutionGuid = {89EDAD07-0D26-4E4A-8EE7-17148D2FF361}
	EndGlobalSection
EndGlobal
